
Microsoft Visual Studio Solution File, Format Version 12.00
# Visual Studio 2012
Project("{FAE04EC0-301F-11D3-BF4B-00C04F79EFBC}") = "task-friend", "src\task-friend\task-friend.csproj", "{9F10FD84-ABA8-46C4-908A-C8FDFB22848A}"
EndProject
Project("{2150E333-8FDC-42A3-9474-1A3956D46DE8}") = "apps", "apps", "{18769BAF-1885-4A02-920F-2DBE73F585E4}"
EndProject
Project("{2150E333-8FDC-42A3-9474-1A3956D46DE8}") = "test", "test", "{6726FE05-FEDE-499F-93F5-A2E16D776FC3}"
EndProject
Project("{FAE04EC0-301F-11D3-BF4B-00C04F79EFBC}") = "lazy-friend", "test\lazy-friend\lazy-friend.csproj", "{8AB573BA-44AC-4473-8C6E-8ED7CC63BD6E}"
EndProject
Global
	GlobalSection(SolutionConfigurationPlatforms) = preSolution
		Debug|Any CPU = Debug|Any CPU
		Release|Any CPU = Release|Any CPU
	EndGlobalSection
	GlobalSection(ProjectConfigurationPlatforms) = postSolution
		{9F10FD84-ABA8-46C4-908A-C8FDFB22848A}.Debug|Any CPU.ActiveCfg = Debug|Any CPU
		{9F10FD84-ABA8-46C4-908A-C8FDFB22848A}.Debug|Any CPU.Build.0 = Debug|Any CPU
		{9F10FD84-ABA8-46C4-908A-C8FDFB22848A}.Release|Any CPU.ActiveCfg = Release|Any CPU
		{9F10FD84-ABA8-46C4-908A-C8FDFB22848A}.Release|Any CPU.Build.0 = Release|Any CPU
		{8AB573BA-44AC-4473-8C6E-8ED7CC63BD6E}.Debug|Any CPU.ActiveCfg = Debug|Any CPU
		{8AB573BA-44AC-4473-8C6E-8ED7CC63BD6E}.Debug|Any CPU.Build.0 = Debug|Any CPU
		{8AB573BA-44AC-4473-8C6E-8ED7CC63BD6E}.Release|Any CPU.ActiveCfg = Release|Any CPU
		{8AB573BA-44AC-4473-8C6E-8ED7CC63BD6E}.Release|Any CPU.Build.0 = Release|Any CPU
	EndGlobalSection
	GlobalSection(SolutionProperties) = preSolution
		HideSolutionNode = FALSE
	EndGlobalSection
	GlobalSection(NestedProjects) = preSolution
		{9F10FD84-ABA8-46C4-908A-C8FDFB22848A} = {18769BAF-1885-4A02-920F-2DBE73F585E4}
		{8AB573BA-44AC-4473-8C6E-8ED7CC63BD6E} = {6726FE05-FEDE-499F-93F5-A2E16D776FC3}
	EndGlobalSection
EndGlobal
